{
  "name": "node_dl",
  "version": "1.0.0",
  "lockfileVersion": 1,
  "requires": true,
  "dependencies": {
    "easydl": {
      "version": "1.0.1",
      "resolved": "https://registry.npmjs.org/easydl/-/easydl-1.0.1.tgz",
      "integrity": "sha512-0+Ix7jlcohORYGZviQrfsG54v6HM9Cp0XimaJlPnb6zQ+Co3cu/05q/Tu2HXjiVeMF3fLEHsB8axP7qQsf4KXg=="
    },
    "functional.js": {
      "version": "0.8.0",
      "resolved": "https://registry.npmjs.org/functional.js/-/functional.js-0.8.0.tgz",
      "integrity": "sha1-v6paTtETcAhWDkoVgKGQir/pIV8="
    },
    "rapid-downloader": {
      "version": "1.2.6",
      "resolved": "https://registry.npmjs.org/rapid-downloader/-/rapid-downloader-1.2.6.tgz",
      "integrity": "sha512-haMzLGmoD7PoW5zdO4LV5Vbz531N+4XVWfaAQE+OPxudJWIoUaKwf1dlllsu/TZx52km8Ll9wTVUdhtJaYYy5A==",
      "requires": {
        "functional.js": "^0.8.0"
      }
    }
  }
}
